// !$*UTF8*$!
{
	archiveVersion = 1;
	classes = {
	};
	objectVersion = 46;
	objects = {

/* Begin PBXAggregateTarget section */
		24416B8111C4CA220047AFDD /* Build & Test */ = {
			isa = PBXAggregateTarget;
			buildConfigurationList = 24416B8A11C4CA520047AFDD /* Build configuration list for PBXAggregateTarget "Build & Test" */;
			buildPhases = (
				24416B8011C4CA220047AFDD /* ShellScript */,
			);
			dependencies = (
				24416B8511C4CA280047AFDD /* PBXTargetDependency */,
			);
			name = "Build & Test";
			productName = "Build & test";
		};
/* End PBXAggregateTarget section */

/* Begin PBXBuildFile section */
		24DD6CF91134B3F500162E58 /* DkNappDownloadmanagerModule.h in Headers */ = {isa = PBXBuildFile; fileRef = 24DD6CF71134B3F500162E58 /* DkNappDownloadmanagerModule.h */; };
		24DD6CFA1134B3F500162E58 /* DkNappDownloadmanagerModule.m in Sources */ = {isa = PBXBuildFile; fileRef = 24DD6CF81134B3F500162E58 /* DkNappDownloadmanagerModule.m */; };
		24DE9E1111C5FE74003F90F6 /* DkNappDownloadmanagerModuleAssets.h in Headers */ = {isa = PBXBuildFile; fileRef = 24DE9E0F11C5FE74003F90F6 /* DkNappDownloadmanagerModuleAssets.h */; };
		24DE9E1211C5FE74003F90F6 /* DkNappDownloadmanagerModuleAssets.m in Sources */ = {isa = PBXBuildFile; fileRef = 24DE9E1011C5FE74003F90F6 /* DkNappDownloadmanagerModuleAssets.m */; };
		AA747D9F0F9514B9006C5449 /* DkNappDownloadmanager_Prefix.pch in Headers */ = {isa = PBXBuildFile; fileRef = AA747D9E0F9514B9006C5449 /* DkNappDownloadmanager_Prefix.pch */; };
		AACBBE4A0F95108600F1A2B1 /* Foundation.framework in Frameworks */ = {isa = PBXBuildFile; fileRef = AACBBE490F95108600F1A2B1 /* Foundation.framework */; };
		B641654F1A11075900035AFA /* BaseDownloadRequest.h in Headers */ = {isa = PBXBuildFile; fileRef = B641653E1A11075900035AFA /* BaseDownloadRequest.h */; };
		B64165501A11075900035AFA /* BaseDownloadRequest.m in Sources */ = {isa = PBXBuildFile; fileRef = B641653F1A11075900035AFA /* BaseDownloadRequest.m */; };
		B64165511A11075900035AFA /* CompletedDownloadCatalog.h in Headers */ = {isa = PBXBuildFile; fileRef = B64165401A11075900035AFA /* CompletedDownloadCatalog.h */; };
		B64165521A11075900035AFA /* CompletedDownloadCatalog.m in Sources */ = {isa = PBXBuildFile; fileRef = B64165411A11075900035AFA /* CompletedDownloadCatalog.m */; };
		B64165531A11075900035AFA /* Downloader.h in Headers */ = {isa = PBXBuildFile; fileRef = B64165421A11075900035AFA /* Downloader.h */; };
		B64165541A11075900035AFA /* Downloader.m in Sources */ = {isa = PBXBuildFile; fileRef = B64165431A11075900035AFA /* Downloader.m */; };
		B64165551A11075900035AFA /* DownloadInformation.h in Headers */ = {isa = PBXBuildFile; fileRef = B64165441A11075900035AFA /* DownloadInformation.h */; };
		B64165561A11075900035AFA /* DownloadInformation.m in Sources */ = {isa = PBXBuildFile; fileRef = B64165451A11075900035AFA /* DownloadInformation.m */; };
		B64165571A11075900035AFA /* DownloadQueue.h in Headers */ = {isa = PBXBuildFile; fileRef = B64165461A11075900035AFA /* DownloadQueue.h */; };
		B64165581A11075900035AFA /* DownloadQueue.m in Sources */ = {isa = PBXBuildFile; fileRef = B64165471A11075900035AFA /* DownloadQueue.m */; };
		B64165591A11075900035AFA /* DownloadRequest.h in Headers */ = {isa = PBXBuildFile; fileRef = B64165481A11075900035AFA /* DownloadRequest.h */; };
		B641655A1A11075900035AFA /* DownloadRequest.m in Sources */ = {isa = PBXBuildFile; fileRef = B64165491A11075900035AFA /* DownloadRequest.m */; };
		B641655B1A11075900035AFA /* DownloadStatus.h in Headers */ = {isa = PBXBuildFile; fileRef = B641654A1A11075900035AFA /* DownloadStatus.h */; };
		B641655C1A11075900035AFA /* NetworkTypes.h in Headers */ = {isa = PBXBuildFile; fileRef = B641654B1A11075900035AFA /* NetworkTypes.h */; };
		B641655D1A11075900035AFA /* ProgressiveDownloaderStatus.h in Headers */ = {isa = PBXBuildFile; fileRef = B641654C1A11075900035AFA /* ProgressiveDownloaderStatus.h */; };
		B641655E1A11075900035AFA /* SingleDownload.h in Headers */ = {isa = PBXBuildFile; fileRef = B641654D1A11075900035AFA /* SingleDownload.h */; };
		B641655F1A11075900035AFA /* SingleDownload.m in Sources */ = {isa = PBXBuildFile; fileRef = B641654E1A11075900035AFA /* SingleDownload.m */; };
/* End PBXBuildFile section */

/* Begin PBXContainerItemProxy section */
		24416B8411C4CA280047AFDD /* PBXContainerItemProxy */ = {
			isa = PBXContainerItemProxy;
			containerPortal = 0867D690FE84028FC02AAC07 /* Project object */;
			proxyType = 1;
			remoteGlobalIDString = D2AAC07D0554694100DB518D;
			remoteInfo = NappDownloadManager;
		};
/* End PBXContainerItemProxy section */

/* Begin PBXFileReference section */
		24DD6CF71134B3F500162E58 /* DkNappDownloadmanagerModule.h */ = {isa = PBXFileReference; fileEncoding = 4; lastKnownFileType = sourcecode.c.h; name = DkNappDownloadmanagerModule.h; path = Classes/DkNappDownloadmanagerModule.h; sourceTree = "<group>"; };
		24DD6CF81134B3F500162E58 /* DkNappDownloadmanagerModule.m */ = {isa = PBXFileReference; fileEncoding = 4; lastKnownFileType = sourcecode.c.objc; name = DkNappDownloadmanagerModule.m; path = Classes/DkNappDownloadmanagerModule.m; sourceTree = "<group>"; };
		24DD6D1B1134B66800162E58 /* titanium.xcconfig */ = {isa = PBXFileReference; fileEncoding = 4; lastKnownFileType = text.xcconfig; path = titanium.xcconfig; sourceTree = "<group>"; };
		24DE9E0F11C5FE74003F90F6 /* DkNappDownloadmanagerModuleAssets.h */ = {isa = PBXFileReference; fileEncoding = 4; lastKnownFileType = sourcecode.c.h; name = DkNappDownloadmanagerModuleAssets.h; path = Classes/DkNappDownloadmanagerModuleAssets.h; sourceTree = "<group>"; };
		24DE9E1011C5FE74003F90F6 /* DkNappDownloadmanagerModuleAssets.m */ = {isa = PBXFileReference; fileEncoding = 4; lastKnownFileType = sourcecode.c.objc; name = DkNappDownloadmanagerModuleAssets.m; path = Classes/DkNappDownloadmanagerModuleAssets.m; sourceTree = "<group>"; };
		AA747D9E0F9514B9006C5449 /* DkNappDownloadmanager_Prefix.pch */ = {isa = PBXFileReference; fileEncoding = 4; lastKnownFileType = sourcecode.c.h; path = DkNappDownloadmanager_Prefix.pch; sourceTree = SOURCE_ROOT; };
		AACBBE490F95108600F1A2B1 /* Foundation.framework */ = {isa = PBXFileReference; lastKnownFileType = wrapper.framework; name = Foundation.framework; path = System/Library/Frameworks/Foundation.framework; sourceTree = SDKROOT; };
		B641653E1A11075900035AFA /* BaseDownloadRequest.h */ = {isa = PBXFileReference; fileEncoding = 4; lastKnownFileType = sourcecode.c.h; name = BaseDownloadRequest.h; path = Classes/BaseDownloadRequest.h; sourceTree = "<group>"; };
		B641653F1A11075900035AFA /* BaseDownloadRequest.m */ = {isa = PBXFileReference; fileEncoding = 4; lastKnownFileType = sourcecode.c.objc; name = BaseDownloadRequest.m; path = Classes/BaseDownloadRequest.m; sourceTree = "<group>"; };
		B64165401A11075900035AFA /* CompletedDownloadCatalog.h */ = {isa = PBXFileReference; fileEncoding = 4; lastKnownFileType = sourcecode.c.h; name = CompletedDownloadCatalog.h; path = Classes/CompletedDownloadCatalog.h; sourceTree = "<group>"; };
		B64165411A11075900035AFA /* CompletedDownloadCatalog.m */ = {isa = PBXFileReference; fileEncoding = 4; lastKnownFileType = sourcecode.c.objc; name = CompletedDownloadCatalog.m; path = Classes/CompletedDownloadCatalog.m; sourceTree = "<group>"; };
		B64165421A11075900035AFA /* Downloader.h */ = {isa = PBXFileReference; fileEncoding = 4; lastKnownFileType = sourcecode.c.h; name = Downloader.h; path = Classes/Downloader.h; sourceTree = "<group>"; };
		B64165431A11075900035AFA /* Downloader.m */ = {isa = PBXFileReference; fileEncoding = 4; lastKnownFileType = sourcecode.c.objc; name = Downloader.m; path = Classes/Downloader.m; sourceTree = "<group>"; };
		B64165441A11075900035AFA /* DownloadInformation.h */ = {isa = PBXFileReference; fileEncoding = 4; lastKnownFileType = sourcecode.c.h; name = DownloadInformation.h; path = Classes/DownloadInformation.h; sourceTree = "<group>"; };
		B64165451A11075900035AFA /* DownloadInformation.m */ = {isa = PBXFileReference; fileEncoding = 4; lastKnownFileType = sourcecode.c.objc; name = DownloadInformation.m; path = Classes/DownloadInformation.m; sourceTree = "<group>"; };
		B64165461A11075900035AFA /* DownloadQueue.h */ = {isa = PBXFileReference; fileEncoding = 4; lastKnownFileType = sourcecode.c.h; name = DownloadQueue.h; path = Classes/DownloadQueue.h; sourceTree = "<group>"; };
		B64165471A11075900035AFA /* DownloadQueue.m */ = {isa = PBXFileReference; fileEncoding = 4; lastKnownFileType = sourcecode.c.objc; name = DownloadQueue.m; path = Classes/DownloadQueue.m; sourceTree = "<group>"; };
		B64165481A11075900035AFA /* DownloadRequest.h */ = {isa = PBXFileReference; fileEncoding = 4; lastKnownFileType = sourcecode.c.h; name = DownloadRequest.h; path = Classes/DownloadRequest.h; sourceTree = "<group>"; };
		B64165491A11075900035AFA /* DownloadRequest.m */ = {isa = PBXFileReference; fileEncoding = 4; lastKnownFileType = sourcecode.c.objc; name = DownloadRequest.m; path = Classes/DownloadRequest.m; sourceTree = "<group>"; };
		B641654A1A11075900035AFA /* DownloadStatus.h */ = {isa = PBXFileReference; fileEncoding = 4; lastKnownFileType = sourcecode.c.h; name = DownloadStatus.h; path = Classes/DownloadStatus.h; sourceTree = "<group>"; };
		B641654B1A11075900035AFA /* NetworkTypes.h */ = {isa = PBXFileReference; fileEncoding = 4; lastKnownFileType = sourcecode.c.h; name = NetworkTypes.h; path = Classes/NetworkTypes.h; sourceTree = "<group>"; };
		B641654C1A11075900035AFA /* ProgressiveDownloaderStatus.h */ = {isa = PBXFileReference; fileEncoding = 4; lastKnownFileType = sourcecode.c.h; name = ProgressiveDownloaderStatus.h; path = Classes/ProgressiveDownloaderStatus.h; sourceTree = "<group>"; };
		B641654D1A11075900035AFA /* SingleDownload.h */ = {isa = PBXFileReference; fileEncoding = 4; lastKnownFileType = sourcecode.c.h; name = SingleDownload.h; path = Classes/SingleDownload.h; sourceTree = "<group>"; };
		B641654E1A11075900035AFA /* SingleDownload.m */ = {isa = PBXFileReference; fileEncoding = 4; lastKnownFileType = sourcecode.c.objc; name = SingleDownload.m; path = Classes/SingleDownload.m; sourceTree = "<group>"; };
		D2AAC07E0554694100DB518D /* libDkNappDownloadmanager.a */ = {isa = PBXFileReference; explicitFileType = archive.ar; includeInIndex = 0; path = libDkNappDownloadmanager.a; sourceTree = BUILT_PRODUCTS_DIR; };
/* End PBXFileReference section */

/* Begin PBXFrameworksBuildPhase section */
		D2AAC07C0554694100DB518D /* Frameworks */ = {
			isa = PBXFrameworksBuildPhase;
			buildActionMask = 2147483647;
			files = (
				AACBBE4A0F95108600F1A2B1 /* Foundation.framework in Frameworks */,
			);
			runOnlyForDeploymentPostprocessing = 0;
		};
/* End PBXFrameworksBuildPhase section */

/* Begin PBXGroup section */
		034768DFFF38A50411DB9C8B /* Products */ = {
			isa = PBXGroup;
			children = (
				D2AAC07E0554694100DB518D /* libDkNappDownloadmanager.a */,
			);
			name = Products;
			sourceTree = "<group>";
		};
		0867D691FE84028FC02AAC07 /* NappDownloadManager */ = {
			isa = PBXGroup;
			children = (
				08FB77AEFE84172EC02AAC07 /* Classes */,
				32C88DFF0371C24200C91783 /* Other Sources */,
				0867D69AFE84028FC02AAC07 /* Frameworks */,
				034768DFFF38A50411DB9C8B /* Products */,
			);
			name = NappDownloadManager;
			sourceTree = "<group>";
		};
		0867D69AFE84028FC02AAC07 /* Frameworks */ = {
			isa = PBXGroup;
			children = (
				AACBBE490F95108600F1A2B1 /* Foundation.framework */,
			);
			name = Frameworks;
			sourceTree = "<group>";
		};
		08FB77AEFE84172EC02AAC07 /* Classes */ = {
			isa = PBXGroup;
			children = (
				24DE9E0F11C5FE74003F90F6 /* DkNappDownloadmanagerModuleAssets.h */,
				24DE9E1011C5FE74003F90F6 /* DkNappDownloadmanagerModuleAssets.m */,
				24DD6CF71134B3F500162E58 /* DkNappDownloadmanagerModule.h */,
				24DD6CF81134B3F500162E58 /* DkNappDownloadmanagerModule.m */,
				B641653E1A11075900035AFA /* BaseDownloadRequest.h */,
				B641653F1A11075900035AFA /* BaseDownloadRequest.m */,
				B64165401A11075900035AFA /* CompletedDownloadCatalog.h */,
				B64165411A11075900035AFA /* CompletedDownloadCatalog.m */,
				B64165421A11075900035AFA /* Downloader.h */,
				B64165431A11075900035AFA /* Downloader.m */,
				B64165441A11075900035AFA /* DownloadInformation.h */,
				B64165451A11075900035AFA /* DownloadInformation.m */,
				B64165461A11075900035AFA /* DownloadQueue.h */,
				B64165471A11075900035AFA /* DownloadQueue.m */,
				B64165481A11075900035AFA /* DownloadRequest.h */,
				B64165491A11075900035AFA /* DownloadRequest.m */,
				B641654A1A11075900035AFA /* DownloadStatus.h */,
				B641654B1A11075900035AFA /* NetworkTypes.h */,
				B641654C1A11075900035AFA /* ProgressiveDownloaderStatus.h */,
				B641654D1A11075900035AFA /* SingleDownload.h */,
				B641654E1A11075900035AFA /* SingleDownload.m */,
			);
			name = Classes;
			sourceTree = "<group>";
		};
		32C88DFF0371C24200C91783 /* Other Sources */ = {
			isa = PBXGroup;
			children = (
				AA747D9E0F9514B9006C5449 /* DkNappDownloadmanager_Prefix.pch */,
				24DD6D1B1134B66800162E58 /* titanium.xcconfig */,
			);
			name = "Other Sources";
			sourceTree = "<group>";
		};
/* End PBXGroup section */

/* Begin PBXHeadersBuildPhase section */
		D2AAC07A0554694100DB518D /* Headers */ = {
			isa = PBXHeadersBuildPhase;
			buildActionMask = 2147483647;
			files = (
				AA747D9F0F9514B9006C5449 /* DkNappDownloadmanager_Prefix.pch in Headers */,
				B64165531A11075900035AFA /* Downloader.h in Headers */,
				B64165571A11075900035AFA /* DownloadQueue.h in Headers */,
				B64165511A11075900035AFA /* CompletedDownloadCatalog.h in Headers */,
				B64165591A11075900035AFA /* DownloadRequest.h in Headers */,
				24DD6CF91134B3F500162E58 /* DkNappDownloadmanagerModule.h in Headers */,
				B641655C1A11075900035AFA /* NetworkTypes.h in Headers */,
				24DE9E1111C5FE74003F90F6 /* DkNappDownloadmanagerModuleAssets.h in Headers */,
				B641654F1A11075900035AFA /* BaseDownloadRequest.h in Headers */,
				B641655B1A11075900035AFA /* DownloadStatus.h in Headers */,
				B64165551A11075900035AFA /* DownloadInformation.h in Headers */,
				B641655E1A11075900035AFA /* SingleDownload.h in Headers */,
				B641655D1A11075900035AFA /* ProgressiveDownloaderStatus.h in Headers */,
			);
			runOnlyForDeploymentPostprocessing = 0;
		};
/* End PBXHeadersBuildPhase section */

/* Begin PBXNativeTarget section */
		D2AAC07D0554694100DB518D /* NappDownloadManager */ = {
			isa = PBXNativeTarget;
			buildConfigurationList = 1DEB921E08733DC00010E9CD /* Build configuration list for PBXNativeTarget "NappDownloadManager" */;
			buildPhases = (
				D2AAC07A0554694100DB518D /* Headers */,
				D2AAC07B0554694100DB518D /* Sources */,
				D2AAC07C0554694100DB518D /* Frameworks */,
			);
			buildRules = (
			);
			dependencies = (
			);
			name = NappDownloadManager;
			productName = NappDownloadManager;
			productReference = D2AAC07E0554694100DB518D /* libDkNappDownloadmanager.a */;
			productType = "com.apple.product-type.library.static";
		};
/* End PBXNativeTarget section */

/* Begin PBXProject section */
		0867D690FE84028FC02AAC07 /* Project object */ = {
			isa = PBXProject;
			attributes = {
				LastUpgradeCheck = 0610;
			};
			buildConfigurationList = 1DEB922208733DC00010E9CD /* Build configuration list for PBXProject "NappDownloadManager" */;
			compatibilityVersion = "Xcode 3.2";
			developmentRegion = English;
			hasScannedForEncodings = 1;
			knownRegions = (
				English,
				Japanese,
				French,
				German,
			);
			mainGroup = 0867D691FE84028FC02AAC07 /* NappDownloadManager */;
			productRefGroup = 034768DFFF38A50411DB9C8B /* Products */;
			projectDirPath = "";
			projectRoot = "";
			targets = (
				D2AAC07D0554694100DB518D /* NappDownloadManager */,
				24416B8111C4CA220047AFDD /* Build & Test */,
			);
		};
/* End PBXProject section */

/* Begin PBXShellScriptBuildPhase section */
		24416B8011C4CA220047AFDD /* ShellScript */ = {
			isa = PBXShellScriptBuildPhase;
			buildActionMask = 2147483647;
			files = (
			);
			inputPaths = (
			);
			outputPaths = (
			);
			runOnlyForDeploymentPostprocessing = 0;
			shellPath = /bin/sh;
			shellScript = "# shell script goes here\n\npython \"${TITANIUM_SDK}/titanium.py\" run --dir=\"${PROJECT_DIR}\"\nexit $?\n";
		};
/* End PBXShellScriptBuildPhase section */

/* Begin PBXSourcesBuildPhase section */
		D2AAC07B0554694100DB518D /* Sources */ = {
			isa = PBXSourcesBuildPhase;
			buildActionMask = 2147483647;
			files = (
				B64165561A11075900035AFA /* DownloadInformation.m in Sources */,
				B641655F1A11075900035AFA /* SingleDownload.m in Sources */,
				B64165501A11075900035AFA /* BaseDownloadRequest.m in Sources */,
				B64165521A11075900035AFA /* CompletedDownloadCatalog.m in Sources */,
				B64165541A11075900035AFA /* Downloader.m in Sources */,
				24DD6CFA1134B3F500162E58 /* DkNappDownloadmanagerModule.m in Sources */,
				B641655A1A11075900035AFA /* DownloadRequest.m in Sources */,
				B64165581A11075900035AFA /* DownloadQueue.m in Sources */,
				24DE9E1211C5FE74003F90F6 /* DkNappDownloadmanagerModuleAssets.m in Sources */,
			);
			runOnlyForDeploymentPostprocessing = 0;
		};
/* End PBXSourcesBuildPhase section */

/* Begin PBXTargetDependency section */
		24416B8511C4CA280047AFDD /* PBXTargetDependency */ = {
			isa = PBXTargetDependency;
			target = D2AAC07D0554694100DB518D /* NappDownloadManager */;
			targetProxy = 24416B8411C4CA280047AFDD /* PBXContainerItemProxy */;
		};
/* End PBXTargetDependency section */

/* Begin XCBuildConfiguration section */
		1DEB921F08733DC00010E9CD /* Debug */ = {
			isa = XCBuildConfiguration;
			baseConfigurationReference = 24DD6D1B1134B66800162E58 /* titanium.xcconfig */;
			buildSettings = {
				CODE_SIGN_IDENTITY = "iPhone Developer";
				"CODE_SIGN_IDENTITY[sdk=iphoneos*]" = "iPhone Developer";
				DSTROOT = /tmp/DkNappDownloadmanager.dst;
				GCC_C_LANGUAGE_STANDARD = c99;
				GCC_OPTIMIZATION_LEVEL = 0;
				GCC_PRECOMPILE_PREFIX_HEADER = YES;
				GCC_PREFIX_HEADER = DkNappDownloadmanager_Prefix.pch;
				GCC_PREPROCESSOR_DEFINITIONS = "TI_VERSION=$(TI_VERSION)";
				GCC_TREAT_WARNINGS_AS_ERRORS = NO;
				GCC_VERSION = "";
				GCC_WARN_ABOUT_RETURN_TYPE = NO;
				GCC_WARN_MISSING_PARENTHESES = NO;
				GCC_WARN_SHADOW = NO;
				GCC_WARN_STRICT_SELECTOR_MATCH = NO;
				GCC_WARN_UNUSED_FUNCTION = YES;
				GCC_WARN_UNUSED_PARAMETER = NO;
				GCC_WARN_UNUSED_VALUE = NO;
				GCC_WARN_UNUSED_VARIABLE = NO;
				INSTALL_PATH = /usr/local/lib;
				LIBRARY_SEARCH_PATHS = "";
				OTHER_CFLAGS = (
					"-DDEBUG",
					"-DTI_POST_1_2",
				);
				OTHER_LDFLAGS = "-ObjC";
				PRODUCT_NAME = DkNappDownloadmanager;
				PROVISIONING_PROFILE = "";
				"PROVISIONING_PROFILE[sdk=iphoneos*]" = "";
				RUN_CLANG_STATIC_ANALYZER = NO;
				SDKROOT = iphoneos;
				USER_HEADER_SEARCH_PATHS = "";
			};
			name = Debug;
		};
		1DEB922008733DC00010E9CD /* Release */ = {
			isa = XCBuildConfiguration;
			baseConfigurationReference = 24DD6D1B1134B66800162E58 /* titanium.xcconfig */;
			buildSettings = {
				ALWAYS_SEARCH_USER_PATHS = NO;
				DSTROOT = /tmp/DkNappDownloadmanager.dst;
				GCC_C_LANGUAGE_STANDARD = c99;
				GCC_MODEL_TUNING = G5;
				GCC_PRECOMPILE_PREFIX_HEADER = YES;
				GCC_PREFIX_HEADER = DkNappDownloadmanager_Prefix.pch;
				GCC_PREPROCESSOR_DEFINITIONS = "TI_VERSION=$(TI_VERSION)";
				GCC_TREAT_WARNINGS_AS_ERRORS = NO;
				GCC_VERSION = "";
				GCC_WARN_ABOUT_RETURN_TYPE = NO;
				GCC_WARN_MISSING_PARENTHESES = NO;
				GCC_WARN_SHADOW = NO;
				GCC_WARN_STRICT_SELECTOR_MATCH = NO;
				GCC_WARN_UNUSED_FUNCTION = YES;
				GCC_WARN_UNUSED_PARAMETER = NO;
				GCC_WARN_UNUSED_VALUE = NO;
				GCC_WARN_UNUSED_VARIABLE = NO;
				INSTALL_PATH = /usr/local/lib;
				IPHONEOS_DEPLOYMENT_TARGET = 6.0;
				LIBRARY_SEARCH_PATHS = "";
				OTHER_CFLAGS = "-DTI_POST_1_2";
				OTHER_LDFLAGS = "-ObjC";
				PRODUCT_NAME = DkNappDownloadmanager;
				RUN_CLANG_STATIC_ANALYZER = NO;
				SDKROOT = iphoneos;
				USER_HEADER_SEARCH_PATHS = "";
			};
			name = Release;
		};
		1DEB922308733DC00010E9CD /* Debug */ = {
			isa = XCBuildConfiguration;
			baseConfigurationReference = 24DD6D1B1134B66800162E58 /* titanium.xcconfig */;
			buildSettings = {
				CLANG_CXX_LIBRARY = "libstdc++";
				CODE_SIGN_IDENTITY = "iPhone Developer";
				"CODE_SIGN_IDENTITY[sdk=iphoneos*]" = "iPhone Developer";
				DSTROOT = /tmp/DkNappDownloadmanager.dst;
				GCC_C_LANGUAGE_STANDARD = c99;
				GCC_OPTIMIZATION_LEVEL = 0;
				GCC_PRECOMPILE_PREFIX_HEADER = YES;
				GCC_PREFIX_HEADER = DkNappDownloadmanager_Prefix.pch;
				GCC_PREPROCESSOR_DEFINITIONS = "TI_VERSION=$(TI_VERSION)";
				GCC_TREAT_WARNINGS_AS_ERRORS = NO;
				GCC_VERSION = "";
				GCC_WARN_ABOUT_RETURN_TYPE = NO;
				GCC_WARN_MISSING_PARENTHESES = NO;
				GCC_WARN_SHADOW = NO;
				GCC_WARN_STRICT_SELECTOR_MATCH = NO;
				GCC_WARN_UNUSED_FUNCTION = YES;
				GCC_WARN_UNUSED_PARAMETER = NO;
				GCC_WARN_UNUSED_VALUE = NO;
				GCC_WARN_UNUSED_VARIABLE = NO;
				INSTALL_PATH = /usr/local/lib;
				IPHONEOS_DEPLOYMENT_TARGET = 6.0;
				ONLY_ACTIVE_ARCH = YES;
				OTHER_CFLAGS = (
					"-DDEBUG",
					"-DTI_POST_1_2",
				);
				OTHER_LDFLAGS = "-ObjC";
				PRODUCT_NAME = DkNappDownloadmanager;
				PROVISIONING_PROFILE = "";
				"PROVISIONING_PROFILE[sdk=iphoneos*]" = "";
				RUN_CLANG_STATIC_ANALYZER = NO;
				SDKROOT = iphoneos;
				USER_HEADER_SEARCH_PATHS = "";
			};
			name = Debug;
		};
		1DEB922408733DC00010E9CD /* Release */ = {
			isa = XCBuildConfiguration;
			baseConfigurationReference = 24DD6D1B1134B66800162E58 /* titanium.xcconfig */;
			buildSettings = {
				ALWAYS_SEARCH_USER_PATHS = NO;
				CLANG_CXX_LIBRARY = "libstdc++";
				DSTROOT = /tmp/DkNappDownloadmanager.dst;
				GCC_C_LANGUAGE_STANDARD = c99;
				GCC_MODEL_TUNING = G5;
				GCC_PRECOMPILE_PREFIX_HEADER = YES;
				GCC_PREFIX_HEADER = DkNappDownloadmanager_Prefix.pch;
				GCC_PREPROCESSOR_DEFINITIONS = "TI_VERSION=$(TI_VERSION)";
				GCC_TREAT_WARNINGS_AS_ERRORS = NO;
				GCC_VERSION = "";
				GCC_WARN_ABOUT_RETURN_TYPE = NO;
				GCC_WARN_MISSING_PARENTHESES = NO;
				GCC_WARN_SHADOW = NO;
				GCC_WARN_STRICT_SELECTOR_MATCH = NO;
				GCC_WARN_UNUSED_FUNCTION = YES;
				GCC_WARN_UNUSED_PARAMETER = NO;
				GCC_WARN_UNUSED_VALUE = NO;
				GCC_WARN_UNUSED_VARIABLE = NO;
				INSTALL_PATH = /usr/local/lib;
				IPHONEOS_DEPLOYMENT_TARGET = 6.0;
				OTHER_CFLAGS = "-DTI_POST_1_2";
				OTHER_LDFLAGS = "-ObjC";
				PRODUCT_NAME = DkNappDownloadmanager;
				RUN_CLANG_STATIC_ANALYZER = NO;
				SDKROOT = iphoneos;
				USER_HEADER_SEARCH_PATHS = "";
			};
			name = Release;
		};
		24416B8211C4CA220047AFDD /* Debug */ = {
			isa = XCBuildConfiguration;
			baseConfigurationReference = 24DD6D1B1134B66800162E58 /* titanium.xcconfig */;
			buildSettings = {
				COPY_PHASE_STRIP = NO;
				GCC_DYNAMIC_NO_PIC = NO;
				GCC_OPTIMIZATION_LEVEL = 0;
				PRODUCT_NAME = "Build & test";
			};
			name = Debug;
		};
		24416B8311C4CA220047AFDD /* Release */ = {
			isa = XCBuildConfiguration;
			baseConfigurationReference = 24DD6D1B1134B66800162E58 /* titanium.xcconfig */;
			buildSettings = {
				COPY_PHASE_STRIP = YES;
				DEBUG_INFORMATION_FORMAT = "dwarf-with-dsym";
				GCC_ENABLE_FIX_AND_CONTINUE = NO;
				PRODUCT_NAME = "Build & test";
				ZERO_LINK = NO;
			};
			name = Release;
		};
/* End XCBuildConfiguration section */

/* Begin XCConfigurationList section */
		1DEB921E08733DC00010E9CD /* Build configuration list for PBXNativeTarget "NappDownloadManager" */ = {
			isa = XCConfigurationList;
			buildConfigurations = (
				1DEB921F08733DC00010E9CD /* Debug */,
				1DEB922008733DC00010E9CD /* Release */,
			);
			defaultConfigurationIsVisible = 0;
			defaultConfigurationName = Release;
		};
		1DEB922208733DC00010E9CD /* Build configuration list for PBXProject "NappDownloadManager" */ = {
			isa = XCConfigurationList;
			buildConfigurations = (
				1DEB922308733DC00010E9CD /* Debug */,
				1DEB922408733DC00010E9CD /* Release */,
			);
			defaultConfigurationIsVisible = 0;
			defaultConfigurationName = Release;
		};
		24416B8A11C4CA520047AFDD /* Build configuration list for PBXAggregateTarget "Build & Test" */ = {
			isa = XCConfigurationList;
			buildConfigurations = (
				24416B8211C4CA220047AFDD /* Debug */,
				24416B8311C4CA220047AFDD /* Release */,
			);
			defaultConfigurationIsVisible = 0;
			defaultConfigurationName = Release;
		};
/* End XCConfigurationList section */
	};
	rootObject = 0867D690FE84028FC02AAC07 /* Project object */;
}
